<?xml version="1.0" encoding="utf-8"?>
<Project ToolsVersion="4.0" xmlns="http://schemas.microsoft.com/developer/msbuild/2003">
  <ItemGroup>
    <Filter Include="Source Files">
      <UniqueIdentifier>{4FC737F1-C7A5-4376-A066-2A32D752A2FF}</UniqueIdentifier>
      <Extensions>cpp;c;cc;cxx;c++;cppm;ixx;def;odl;idl;hpj;bat;asm;asmx</Extensions>
    </Filter>
    <Filter Include="Resource Files">
      <UniqueIdentifier>{67DA6AB6-F800-4c08-8B7A-83BB121AAD01}</UniqueIdentifier>
      <Extensions>rc;ico;cur;bmp;dlg;rc2;rct;bin;rgs;gif;jpg;jpeg;jpe;resx;tiff;tif;png;wav;mfcribbon-ms</Extensions>
    </Filter>
    <Filter Include="Prefab">
      <UniqueIdentifier>{a590457b-fae6-4ce5-8250-46a4212d6b13}</UniqueIdentifier>
    </Filter>
    <Filter Include="Components">
      <UniqueIdentifier>{82877251-46bf-4bcb-92f1-0c6ba83f24cc}</UniqueIdentifier>
    </Filter>
    <Filter Include="Commands">
      <UniqueIdentifier>{f6e6be23-5011-44fb-86d0-5558c55f44bb}</UniqueIdentifier>
    </Filter>
    <Filter Include="Observers">
      <UniqueIdentifier>{cad70de4-53b1-4487-9c09-ed53f71eceb1}</UniqueIdentifier>
    </Filter>
    <Filter Include="Level">
      <UniqueIdentifier>{917c0d2c-66ba-46ae-a374-74f7624df1d9}</UniqueIdentifier>
    </Filter>
    <Filter Include="State">
      <UniqueIdentifier>{579f485e-f169-44b5-ac7e-f08b4c05891f}</UniqueIdentifier>
    </Filter>
    <Filter Include="Ingredients">
      <UniqueIdentifier>{c356be71-a05d-42f2-8ce1-dbad51ddbdf3}</UniqueIdentifier>
    </Filter>
  </ItemGroup>
  <ItemGroup>
    <ClCompile Include="SpawnTimerComponent.cpp">
      <Filter>Components</Filter>
    </ClCompile>
    <ClCompile Include="GameCommands.cpp">
      <Filter>Commands</Filter>
    </ClCompile>
    <ClCompile Include="PlayerTwo.cpp">
      <Filter>Prefab</Filter>
    </ClCompile>
    <ClCompile Include="BulletComponent.cpp">
      <Filter>Components</Filter>
    </ClCompile>
    <ClCompile Include="GameCollisionComponent.cpp">
      <Filter>Components</Filter>
    </ClCompile>
    <ClCompile Include="GameCollisionMngr.cpp">
      <Filter>Source Files</Filter>
    </ClCompile>
    <ClCompile Include="EnemyPrefab.cpp">
      <Filter>Prefab</Filter>
    </ClCompile>
    <ClCompile Include="AIMovementComponent.cpp">
      <Filter>Components</Filter>
    </ClCompile>
    <ClCompile Include="BulletTimerComponent.cpp">
      <Filter>Components</Filter>
    </ClCompile>
    <ClCompile Include="ScreenManager.cpp">
      <Filter>Source Files</Filter>
    </ClCompile>
    <ClCompile Include="ConditionComponent.cpp">
      <Filter>Components</Filter>
    </ClCompile>
    <ClCompile Include="PlayerOne.cpp">
      <Filter>Prefab</Filter>
    </ClCompile>
    <ClCompile Include="HealthComponent.cpp">
      <Filter>Components</Filter>
    </ClCompile>
    <ClCompile Include="PointComponent.cpp">
      <Filter>Components</Filter>
    </ClCompile>
    <ClCompile Include="HighscoreComponent.cpp">
      <Filter>Components</Filter>
    </ClCompile>
    <ClCompile Include="BurgerTimeTheGame.cpp">
      <Filter>Source Files</Filter>
    </ClCompile>
    <ClCompile Include="LevelPrefab.cpp">
      <Filter>Level</Filter>
    </ClCompile>
    <ClCompile Include="EnemyStates.cpp">
      <Filter>State</Filter>
    </ClCompile>
    <ClCompile Include="IngredientPart.cpp">
      <Filter>Ingredients</Filter>
    </ClCompile>
    <ClCompile Include="Ingredient.cpp">
      <Filter>Ingredients</Filter>
    </ClCompile>
    <ClCompile Include="IngredientPartComponent.cpp">
      <Filter>Components</Filter>
    </ClCompile>
    <ClCompile Include="IngredientComponent.cpp">
      <Filter>Components</Filter>
    </ClCompile>
    <ClCompile Include="PlateComponent.cpp">
      <Filter>Components</Filter>
    </ClCompile>
    <ClCompile Include="BulletPrefab.cpp">
      <Filter>Prefab</Filter>
    </ClCompile>
    <ClCompile Include="RandomSpawn.cpp">
      <Filter>Components</Filter>
    </ClCompile>
  </ItemGroup>
  <ItemGroup>
    <ClInclude Include="PlayerOne.h">
      <Filter>Prefab</Filter>
    </ClInclude>
    <ClInclude Include="SpawnTimerComponent.h">
      <Filter>Components</Filter>
    </ClInclude>
    <ClInclude Include="GameCommands.h">
      <Filter>Commands</Filter>
    </ClInclude>
    <ClInclude Include="PlayerTwo.h">
      <Filter>Prefab</Filter>
    </ClInclude>
    <ClInclude Include="BulletComponent.h">
      <Filter>Components</Filter>
    </ClInclude>
    <ClInclude Include="GameCollisionComponent.h">
      <Filter>Components</Filter>
    </ClInclude>
    <ClInclude Include="ShootingDirComponent.h">
      <Filter>Components</Filter>
    </ClInclude>
    <ClInclude Include="EnemyPrefab.h">
      <Filter>Prefab</Filter>
    </ClInclude>
    <ClInclude Include="AIMovementComponent.h">
      <Filter>Components</Filter>
    </ClInclude>
    <ClInclude Include="BulletTimerComponent.h">
      <Filter>Components</Filter>
    </ClInclude>
    <ClInclude Include="ScreenManager.h">
      <Filter>Source Files</Filter>
    </ClInclude>
    <ClInclude Include="ConditionComponent.h">
      <Filter>Components</Filter>
    </ClInclude>
    <ClInclude Include="PlayerManager.h">
      <Filter>Source Files</Filter>
    </ClInclude>
    <ClInclude Include="HealthComponent.h">
      <Filter>Components</Filter>
    </ClInclude>
    <ClInclude Include="PointComponent.h">
      <Filter>Components</Filter>
    </ClInclude>
    <ClInclude Include="HighscoreComponent.h">
      <Filter>Components</Filter>
    </ClInclude>
    <ClInclude Include="HealthObserver.h">
      <Filter>Observers</Filter>
    </ClInclude>
    <ClInclude Include="PointObserver.h">
      <Filter>Observers</Filter>
    </ClInclude>
    <ClInclude Include="LevelPrefab.h">
      <Filter>Level</Filter>
    </ClInclude>
    <ClInclude Include="EnemyStates.h">
      <Filter>State</Filter>
    </ClInclude>
    <ClInclude Include="GameCollisionMngr.h">
      <Filter>Source Files</Filter>
    </ClInclude>
    <ClInclude Include="IngredientPart.h">
      <Filter>Ingredients</Filter>
    </ClInclude>
    <ClInclude Include="Ingredient.h">
      <Filter>Ingredients</Filter>
    </ClInclude>
    <ClInclude Include="IngredientPartComponent.h">
      <Filter>Components</Filter>
    </ClInclude>
    <ClInclude Include="IngredientComponent.h">
      <Filter>Components</Filter>
    </ClInclude>
    <ClInclude Include="PlateComponent.h">
      <Filter>Components</Filter>
    </ClInclude>
    <ClInclude Include="BulletPrefab.h">
      <Filter>Prefab</Filter>
    </ClInclude>
    <ClInclude Include="RandomSpawn.h">
      <Filter>Components</Filter>
    </ClInclude>
  </ItemGroup>
</Project>